
Microsoft Visual Studio Solution File, Format Version 12.00
# Visual Studio 15
VisualStudioVersion = 15.0.27130.2027
MinimumVisualStudioVersion = 10.0.40219.1
Project("{A0786B88-2ADB-4C21-ABE8-AA2D79766269}") = "PHPWebProject1", "PHPWebProject1\PHPWebProject1.phpproj", "{4ADA18E7-EDBA-47BB-A90E-E83D49DCDDD9}"
EndProject
Global
	GlobalSection(SolutionConfigurationPlatforms) = preSolution
		Debug|Any CPU = Debug|Any CPU
		Release|Any CPU = Release|Any CPU
	EndGlobalSection
	GlobalSection(ProjectConfigurationPlatforms) = postSolution
		{4ADA18E7-EDBA-47BB-A90E-E83D49DCDDD9}.Debug|Any CPU.ActiveCfg = Debug|Any CPU
		{4ADA18E7-EDBA-47BB-A90E-E83D49DCDDD9}.Release|Any CPU.ActiveCfg = Release|Any CPU
	EndGlobalSection
	GlobalSection(SolutionProperties) = preSolution
		HideSolutionNode = FALSE
	EndGlobalSection
	GlobalSection(ExtensibilityGlobals) = postSolution
		SolutionGuid = {343C787D-8F54-49FF-9AEC-B627021EA382}
	EndGlobalSection
EndGlobal
